
Microsoft Visual Studio Solution File, Format Version 12.00
# Visual Studio Version 16
VisualStudioVersion = 16.0.31424.327
MinimumVisualStudioVersion = 10.0.40219.1
Project("{FAE04EC0-301F-11D3-BF4B-00C04F79EFBC}") = "ProductService", "ProductService\ProductService.csproj", "{8B391CFB-4E32-4B2A-86AB-FFB1FBFB0620}"
EndProject
Project("{FAE04EC0-301F-11D3-BF4B-00C04F79EFBC}") = "CartService", "CartService\CartService.csproj", "{19D1494E-012A-4B70-A294-B62021C3605C}"
EndProject
Project("{FAE04EC0-301F-11D3-BF4B-00C04F79EFBC}") = "OrderService", "OrderService\OrderService.csproj", "{84E00A55-A3E8-443C-80CC-EAEDC3142BC9}"
EndProject
Global
	GlobalSection(SolutionConfigurationPlatforms) = preSolution
		Debug|Any CPU = Debug|Any CPU
		Release|Any CPU = Release|Any CPU
	EndGlobalSection
	GlobalSection(ProjectConfigurationPlatforms) = postSolution
		{8B391CFB-4E32-4B2A-86AB-FFB1FBFB0620}.Debug|Any CPU.ActiveCfg = Debug|Any CPU
		{8B391CFB-4E32-4B2A-86AB-FFB1FBFB0620}.Debug|Any CPU.Build.0 = Debug|Any CPU
		{8B391CFB-4E32-4B2A-86AB-FFB1FBFB0620}.Release|Any CPU.ActiveCfg = Release|Any CPU
		{8B391CFB-4E32-4B2A-86AB-FFB1FBFB0620}.Release|Any CPU.Build.0 = Release|Any CPU
		{19D1494E-012A-4B70-A294-B62021C3605C}.Debug|Any CPU.ActiveCfg = Debug|Any CPU
		{19D1494E-012A-4B70-A294-B62021C3605C}.Debug|Any CPU.Build.0 = Debug|Any CPU
		{19D1494E-012A-4B70-A294-B62021C3605C}.Release|Any CPU.ActiveCfg = Release|Any CPU
		{19D1494E-012A-4B70-A294-B62021C3605C}.Release|Any CPU.Build.0 = Release|Any CPU
		{84E00A55-A3E8-443C-80CC-EAEDC3142BC9}.Debug|Any CPU.ActiveCfg = Debug|Any CPU
		{84E00A55-A3E8-443C-80CC-EAEDC3142BC9}.Debug|Any CPU.Build.0 = Debug|Any CPU
		{84E00A55-A3E8-443C-80CC-EAEDC3142BC9}.Release|Any CPU.ActiveCfg = Release|Any CPU
		{84E00A55-A3E8-443C-80CC-EAEDC3142BC9}.Release|Any CPU.Build.0 = Release|Any CPU
	EndGlobalSection
	GlobalSection(SolutionProperties) = preSolution
		HideSolutionNode = FALSE
	EndGlobalSection
	GlobalSection(ExtensibilityGlobals) = postSolution
		SolutionGuid = {AE2BC4B2-27C0-41A5-9CE3-42A28A0E43B1}
	EndGlobalSection
EndGlobal
